// !$*UTF8*$!
{
	archiveVersion = 1;
	classes = {
	};
	objectVersion = 56;
	objects = {

/* Begin PBXBuildFile section */
		6C3162D82C4CE4A400FA8E98 /* DetailViewModel.swift in Sources */ = {isa = PBXBuildFile; fileRef = 6C3162D72C4CE4A400FA8E98 /* DetailViewModel.swift */; };
		6C360B462C6DD0B3001F429C /* MockNetworkManager.swift in Sources */ = {isa = PBXBuildFile; fileRef = 6C360B452C6DD0B3001F429C /* MockNetworkManager.swift */; };
		6C360B4C2C6DDABB001F429C /* NetworkServiceTests.swift in Sources */ = {isa = PBXBuildFile; fileRef = 6C360B4B2C6DDABB001F429C /* NetworkServiceTests.swift */; };
		6C360B502C6DDF2F001F429C /* MockCoreDataManager.swift in Sources */ = {isa = PBXBuildFile; fileRef = 6C360B4F2C6DDF2F001F429C /* MockCoreDataManager.swift */; };
		6C52BEC82C6C4DC6002D97BB /* NetworkService.swift in Sources */ = {isa = PBXBuildFile; fileRef = 6C52BEC72C6C4DC6002D97BB /* NetworkService.swift */; };
		6C96C5E92C47AC4100569E37 /* SpaceFlightNewsApp.swift in Sources */ = {isa = PBXBuildFile; fileRef = 6C96C5E82C47AC4100569E37 /* SpaceFlightNewsApp.swift */; };
		6C96C5EB2C47AC4100569E37 /* ArticleListView.swift in Sources */ = {isa = PBXBuildFile; fileRef = 6C96C5EA2C47AC4100569E37 /* ArticleListView.swift */; };
		6C96C5ED2C47AC4200569E37 /* Assets.xcassets in Resources */ = {isa = PBXBuildFile; fileRef = 6C96C5EC2C47AC4200569E37 /* Assets.xcassets */; };
		6C96C5F02C47AC4200569E37 /* Preview Assets.xcassets in Resources */ = {isa = PBXBuildFile; fileRef = 6C96C5EF2C47AC4200569E37 /* Preview Assets.xcassets */; };
		6C96C5F72C47ACA200569E37 /* NewsView.swift in Sources */ = {isa = PBXBuildFile; fileRef = 6C96C5F62C47ACA200569E37 /* NewsView.swift */; };
		6C96C5F92C47B62600569E37 /* NetworkManager.swift in Sources */ = {isa = PBXBuildFile; fileRef = 6C96C5F82C47B62600569E37 /* NetworkManager.swift */; };
		6C96C5FB2C47B78B00569E37 /* Article.swift in Sources */ = {isa = PBXBuildFile; fileRef = 6C96C5FA2C47B78A00569E37 /* Article.swift */; };
		6C96C5FF2C47BDD100569E37 /* NewsSitesWrapper.swift in Sources */ = {isa = PBXBuildFile; fileRef = 6C96C5FE2C47BDD100569E37 /* NewsSitesWrapper.swift */; };
		6C96C6012C47CB8700569E37 /* DetailView.swift in Sources */ = {isa = PBXBuildFile; fileRef = 6C96C6002C47CB8700569E37 /* DetailView.swift */; };
		6C96C6032C47CDCD00569E37 /* Date+Ext.swift in Sources */ = {isa = PBXBuildFile; fileRef = 6C96C6022C47CDCD00569E37 /* Date+Ext.swift */; };
		6C96C60E2C47DF7600569E37 /* ArticleListViewModel.swift in Sources */ = {isa = PBXBuildFile; fileRef = 6C96C60D2C47DF7600569E37 /* ArticleListViewModel.swift */; };
		6CC9F07A2C76D1DD009A7734 /* PersistentStorage.xcdatamodeld in Sources */ = {isa = PBXBuildFile; fileRef = 6CC9F0782C76D1DD009A7734 /* PersistentStorage.xcdatamodeld */; };
		6CC9F07C2C76D1EE009A7734 /* IndexSet+Ext.swift in Sources */ = {isa = PBXBuildFile; fileRef = 6CC9F07B2C76D1EE009A7734 /* IndexSet+Ext.swift */; };
		6CC9F07E2C76D1FD009A7734 /* SearchHistoryRepository.swift in Sources */ = {isa = PBXBuildFile; fileRef = 6CC9F07D2C76D1FD009A7734 /* SearchHistoryRepository.swift */; };
		6CC9F0802C76D207009A7734 /* SearchHistoryUseCases.swift in Sources */ = {isa = PBXBuildFile; fileRef = 6CC9F07F2C76D207009A7734 /* SearchHistoryUseCases.swift */; };
		6CC9F0822C76D228009A7734 /* SearchHistory.swift in Sources */ = {isa = PBXBuildFile; fileRef = 6CC9F0812C76D228009A7734 /* SearchHistory.swift */; };
		6CDBDFE02C48103500B22900 /* CoreDataManager.swift in Sources */ = {isa = PBXBuildFile; fileRef = 6CDBDFDF2C48103500B22900 /* CoreDataManager.swift */; };
		6CEDA62C2C7EBB9300F12F77 /* ArticlesWrapper.swift in Sources */ = {isa = PBXBuildFile; fileRef = 6CEDA62B2C7EBB9300F12F77 /* ArticlesWrapper.swift */; };
		6CEDA62E2C7EBE0C00F12F77 /* ArticleRepository.swift in Sources */ = {isa = PBXBuildFile; fileRef = 6CEDA62D2C7EBE0C00F12F77 /* ArticleRepository.swift */; };
		6CEDA6302C7EBF5900F12F77 /* ArticleUseCases.swift in Sources */ = {isa = PBXBuildFile; fileRef = 6CEDA62F2C7EBF5900F12F77 /* ArticleUseCases.swift */; };
		6CF23F292C48CE6400B53190 /* SearchHistoryViewModel.swift in Sources */ = {isa = PBXBuildFile; fileRef = 6CF23F282C48CE6400B53190 /* SearchHistoryViewModel.swift */; };
		6CF3C3AA2C482FAC0046082A /* SearchHistoryView.swift in Sources */ = {isa = PBXBuildFile; fileRef = 6CF3C3A92C482FAC0046082A /* SearchHistoryView.swift */; };
		6CFD94EB2C4DF76E00A30349 /* DetailViewModelTests.swift in Sources */ = {isa = PBXBuildFile; fileRef = 6C3162D92C4CE6DB00FA8E98 /* DetailViewModelTests.swift */; };
		6CFD94EC2C4DF76E00A30349 /* ArticleListViewModelTests.swift in Sources */ = {isa = PBXBuildFile; fileRef = 6C3162D52C4CE3DE00FA8E98 /* ArticleListViewModelTests.swift */; };
		6CFD94ED2C4DF89900A30349 /* ArticleBuilder.swift in Sources */ = {isa = PBXBuildFile; fileRef = 6C3162DE2C4CEAE300FA8E98 /* ArticleBuilder.swift */; };
/* End PBXBuildFile section */

/* Begin PBXContainerItemProxy section */
		6CFD94E62C4DF76700A30349 /* PBXContainerItemProxy */ = {
			isa = PBXContainerItemProxy;
			containerPortal = 6C96C5DD2C47AC4100569E37 /* Project object */;
			proxyType = 1;
			remoteGlobalIDString = 6C96C5E42C47AC4100569E37;
			remoteInfo = SpaceFlightNews;
		};
/* End PBXContainerItemProxy section */

/* Begin PBXFileReference section */
		6C3162D52C4CE3DE00FA8E98 /* ArticleListViewModelTests.swift */ = {isa = PBXFileReference; lastKnownFileType = sourcecode.swift; path = ArticleListViewModelTests.swift; sourceTree = "<group>"; };
		6C3162D72C4CE4A400FA8E98 /* DetailViewModel.swift */ = {isa = PBXFileReference; lastKnownFileType = sourcecode.swift; path = DetailViewModel.swift; sourceTree = "<group>"; };
		6C3162D92C4CE6DB00FA8E98 /* DetailViewModelTests.swift */ = {isa = PBXFileReference; lastKnownFileType = sourcecode.swift; path = DetailViewModelTests.swift; sourceTree = "<group>"; };
		6C3162DE2C4CEAE300FA8E98 /* ArticleBuilder.swift */ = {isa = PBXFileReference; lastKnownFileType = sourcecode.swift; path = ArticleBuilder.swift; sourceTree = "<group>"; };
		6C360B452C6DD0B3001F429C /* MockNetworkManager.swift */ = {isa = PBXFileReference; lastKnownFileType = sourcecode.swift; path = MockNetworkManager.swift; sourceTree = "<group>"; };
		6C360B4B2C6DDABB001F429C /* NetworkServiceTests.swift */ = {isa = PBXFileReference; lastKnownFileType = sourcecode.swift; path = NetworkServiceTests.swift; sourceTree = "<group>"; };
		6C360B4F2C6DDF2F001F429C /* MockCoreDataManager.swift */ = {isa = PBXFileReference; lastKnownFileType = sourcecode.swift; path = MockCoreDataManager.swift; sourceTree = "<group>"; };
		6C52BEC72C6C4DC6002D97BB /* NetworkService.swift */ = {isa = PBXFileReference; lastKnownFileType = sourcecode.swift; path = NetworkService.swift; sourceTree = "<group>"; };
		6C96C5E52C47AC4100569E37 /* SpaceFlightNews.app */ = {isa = PBXFileReference; explicitFileType = wrapper.application; includeInIndex = 0; path = SpaceFlightNews.app; sourceTree = BUILT_PRODUCTS_DIR; };
		6C96C5E82C47AC4100569E37 /* SpaceFlightNewsApp.swift */ = {isa = PBXFileReference; lastKnownFileType = sourcecode.swift; path = SpaceFlightNewsApp.swift; sourceTree = "<group>"; };
		6C96C5EA2C47AC4100569E37 /* ArticleListView.swift */ = {isa = PBXFileReference; lastKnownFileType = sourcecode.swift; path = ArticleListView.swift; sourceTree = "<group>"; };
		6C96C5EC2C47AC4200569E37 /* Assets.xcassets */ = {isa = PBXFileReference; lastKnownFileType = folder.assetcatalog; path = Assets.xcassets; sourceTree = "<group>"; };
		6C96C5EF2C47AC4200569E37 /* Preview Assets.xcassets */ = {isa = PBXFileReference; lastKnownFileType = folder.assetcatalog; path = "Preview Assets.xcassets"; sourceTree = "<group>"; };
		6C96C5F62C47ACA200569E37 /* NewsView.swift */ = {isa = PBXFileReference; lastKnownFileType = sourcecode.swift; path = NewsView.swift; sourceTree = "<group>"; };
		6C96C5F82C47B62600569E37 /* NetworkManager.swift */ = {isa = PBXFileReference; lastKnownFileType = sourcecode.swift; path = NetworkManager.swift; sourceTree = "<group>"; };
		6C96C5FA2C47B78A00569E37 /* Article.swift */ = {isa = PBXFileReference; lastKnownFileType = sourcecode.swift; path = Article.swift; sourceTree = "<group>"; };
		6C96C5FE2C47BDD100569E37 /* NewsSitesWrapper.swift */ = {isa = PBXFileReference; lastKnownFileType = sourcecode.swift; path = NewsSitesWrapper.swift; sourceTree = "<group>"; };
		6C96C6002C47CB8700569E37 /* DetailView.swift */ = {isa = PBXFileReference; lastKnownFileType = sourcecode.swift; path = DetailView.swift; sourceTree = "<group>"; };
		6C96C6022C47CDCD00569E37 /* Date+Ext.swift */ = {isa = PBXFileReference; lastKnownFileType = sourcecode.swift; path = "Date+Ext.swift"; sourceTree = "<group>"; };
		6C96C60D2C47DF7600569E37 /* ArticleListViewModel.swift */ = {isa = PBXFileReference; lastKnownFileType = sourcecode.swift; path = ArticleListViewModel.swift; sourceTree = "<group>"; };
		6CC9F0792C76D1DD009A7734 /* PersistentStorage.xcdatamodel */ = {isa = PBXFileReference; lastKnownFileType = wrapper.xcdatamodel; path = PersistentStorage.xcdatamodel; sourceTree = "<group>"; };
		6CC9F07B2C76D1EE009A7734 /* IndexSet+Ext.swift */ = {isa = PBXFileReference; fileEncoding = 4; lastKnownFileType = sourcecode.swift; path = "IndexSet+Ext.swift"; sourceTree = "<group>"; };
		6CC9F07D2C76D1FD009A7734 /* SearchHistoryRepository.swift */ = {isa = PBXFileReference; fileEncoding = 4; lastKnownFileType = sourcecode.swift; path = SearchHistoryRepository.swift; sourceTree = "<group>"; };
		6CC9F07F2C76D207009A7734 /* SearchHistoryUseCases.swift */ = {isa = PBXFileReference; fileEncoding = 4; lastKnownFileType = sourcecode.swift; path = SearchHistoryUseCases.swift; sourceTree = "<group>"; };
		6CC9F0812C76D228009A7734 /* SearchHistory.swift */ = {isa = PBXFileReference; fileEncoding = 4; lastKnownFileType = sourcecode.swift; path = SearchHistory.swift; sourceTree = "<group>"; };
		6CDBDFDF2C48103500B22900 /* CoreDataManager.swift */ = {isa = PBXFileReference; lastKnownFileType = sourcecode.swift; path = CoreDataManager.swift; sourceTree = "<group>"; };
		6CEDA62B2C7EBB9300F12F77 /* ArticlesWrapper.swift */ = {isa = PBXFileReference; lastKnownFileType = sourcecode.swift; path = ArticlesWrapper.swift; sourceTree = "<group>"; };
		6CEDA62D2C7EBE0C00F12F77 /* ArticleRepository.swift */ = {isa = PBXFileReference; lastKnownFileType = sourcecode.swift; path = ArticleRepository.swift; sourceTree = "<group>"; };
		6CEDA62F2C7EBF5900F12F77 /* ArticleUseCases.swift */ = {isa = PBXFileReference; lastKnownFileType = sourcecode.swift; path = ArticleUseCases.swift; sourceTree = "<group>"; };
		6CF23F282C48CE6400B53190 /* SearchHistoryViewModel.swift */ = {isa = PBXFileReference; lastKnownFileType = sourcecode.swift; path = SearchHistoryViewModel.swift; sourceTree = "<group>"; };
		6CF23F2A2C49016B00B53190 /* Info.plist */ = {isa = PBXFileReference; lastKnownFileType = text.plist; path = Info.plist; sourceTree = "<group>"; };
		6CF3C3A92C482FAC0046082A /* SearchHistoryView.swift */ = {isa = PBXFileReference; lastKnownFileType = sourcecode.swift; path = SearchHistoryView.swift; sourceTree = "<group>"; };
		6CFD94E22C4DF76700A30349 /* SpaceFlightNewsTest.xctest */ = {isa = PBXFileReference; explicitFileType = wrapper.cfbundle; includeInIndex = 0; path = SpaceFlightNewsTest.xctest; sourceTree = BUILT_PRODUCTS_DIR; };
/* End PBXFileReference section */

/* Begin PBXFrameworksBuildPhase section */
		6C96C5E22C47AC4100569E37 /* Frameworks */ = {
			isa = PBXFrameworksBuildPhase;
			buildActionMask = 2147483647;
			files = (
			);
			runOnlyForDeploymentPostprocessing = 0;
		};
		6CFD94DF2C4DF76700A30349 /* Frameworks */ = {
			isa = PBXFrameworksBuildPhase;
			buildActionMask = 2147483647;
			files = (
			);
			runOnlyForDeploymentPostprocessing = 0;
		};
/* End PBXFrameworksBuildPhase section */

/* Begin PBXGroup section */
		6C360B532C6DE4AE001F429C /* Mock */ = {
			isa = PBXGroup;
			children = (
				6C360B452C6DD0B3001F429C /* MockNetworkManager.swift */,
				6C360B4F2C6DDF2F001F429C /* MockCoreDataManager.swift */,
			);
			path = Mock;
			sourceTree = "<group>";
		};
		6C96C5DC2C47AC4100569E37 = {
			isa = PBXGroup;
			children = (
				6C96C5E72C47AC4100569E37 /* SpaceFlightNews */,
				6CFD94E32C4DF76700A30349 /* SpaceFlightNewsTest */,
				6C96C5E62C47AC4100569E37 /* Products */,
			);
			sourceTree = "<group>";
		};
		6C96C5E62C47AC4100569E37 /* Products */ = {
			isa = PBXGroup;
			children = (
				6C96C5E52C47AC4100569E37 /* SpaceFlightNews.app */,
				6CFD94E22C4DF76700A30349 /* SpaceFlightNewsTest.xctest */,
			);
			name = Products;
			sourceTree = "<group>";
		};
		6C96C5E72C47AC4100569E37 /* SpaceFlightNews */ = {
			isa = PBXGroup;
			children = (
				6C96C6042C47DC7D00569E37 /* Core */,
				6CC9F0712C76D164009A7734 /* Features */,
				6CF23F2A2C49016B00B53190 /* Info.plist */,
				6C96C5EE2C47AC4200569E37 /* Preview Content */,
			);
			path = SpaceFlightNews;
			sourceTree = "<group>";
		};
		6C96C5EE2C47AC4200569E37 /* Preview Content */ = {
			isa = PBXGroup;
			children = (
				6C96C5EF2C47AC4200569E37 /* Preview Assets.xcassets */,
			);
			path = "Preview Content";
			sourceTree = "<group>";
		};
		6C96C6042C47DC7D00569E37 /* Core */ = {
			isa = PBXGroup;
			children = (
				6CC9F0772C76D1B8009A7734 /* Resources */,
				6CC9F0762C76D1B0009A7734 /* Config */,
				6C96C60B2C47DD8C00569E37 /* Extensions */,
			);
			path = Core;
			sourceTree = "<group>";
		};
		6C96C6052C47DC8100569E37 /* Presentation */ = {
			isa = PBXGroup;
			children = (
				6CF23F252C48CE4C00B53190 /* SearchHistory */,
				6C96C6062C47DC9700569E37 /* ArticleList */,
			);
			path = Presentation;
			sourceTree = "<group>";
		};
		6C96C6062C47DC9700569E37 /* ArticleList */ = {
			isa = PBXGroup;
			children = (
				6C96C6082C47DD4900569E37 /* ViewModels */,
				6C96C6072C47DD4300569E37 /* Views */,
			);
			path = ArticleList;
			sourceTree = "<group>";
		};
		6C96C6072C47DD4300569E37 /* Views */ = {
			isa = PBXGroup;
			children = (
				6C96C5EA2C47AC4100569E37 /* ArticleListView.swift */,
				6C96C6002C47CB8700569E37 /* DetailView.swift */,
				6C96C5F62C47ACA200569E37 /* NewsView.swift */,
			);
			path = Views;
			sourceTree = "<group>";
		};
		6C96C6082C47DD4900569E37 /* ViewModels */ = {
			isa = PBXGroup;
			children = (
				6C96C60D2C47DF7600569E37 /* ArticleListViewModel.swift */,
				6C3162D72C4CE4A400FA8E98 /* DetailViewModel.swift */,
			);
			path = ViewModels;
			sourceTree = "<group>";
		};
		6C96C60A2C47DD8600569E37 /* Entities */ = {
			isa = PBXGroup;
			children = (
				6C96C5FA2C47B78A00569E37 /* Article.swift */,
				6CC9F0812C76D228009A7734 /* SearchHistory.swift */,
			);
			path = Entities;
			sourceTree = "<group>";
		};
		6C96C60B2C47DD8C00569E37 /* Extensions */ = {
			isa = PBXGroup;
			children = (
				6C96C6022C47CDCD00569E37 /* Date+Ext.swift */,
				6CC9F07B2C76D1EE009A7734 /* IndexSet+Ext.swift */,
			);
			path = Extensions;
			sourceTree = "<group>";
		};
		6C96C60C2C47DD9B00569E37 /* DataSources */ = {
			isa = PBXGroup;
			children = (
				6C96C5F82C47B62600569E37 /* NetworkManager.swift */,
				6CDBDFDF2C48103500B22900 /* CoreDataManager.swift */,
				6C52BEC72C6C4DC6002D97BB /* NetworkService.swift */,
			);
			path = DataSources;
			sourceTree = "<group>";
		};
		6CC9F0712C76D164009A7734 /* Features */ = {
			isa = PBXGroup;
			children = (
				6C96C6052C47DC8100569E37 /* Presentation */,
				6CC9F0742C76D190009A7734 /* Domain */,
				6CC9F0722C76D16C009A7734 /* Data */,
			);
			path = Features;
			sourceTree = "<group>";
		};
		6CC9F0722C76D16C009A7734 /* Data */ = {
			isa = PBXGroup;
			children = (
				6CDBDFE12C48152E00B22900 /* Models */,
				6C96C60C2C47DD9B00569E37 /* DataSources */,
			);
			path = Data;
			sourceTree = "<group>";
		};
		6CC9F0732C76D174009A7734 /* Repositories */ = {
			isa = PBXGroup;
			children = (
				6CC9F07D2C76D1FD009A7734 /* SearchHistoryRepository.swift */,
				6CEDA62D2C7EBE0C00F12F77 /* ArticleRepository.swift */,
			);
			path = Repositories;
			sourceTree = "<group>";
		};
		6CC9F0742C76D190009A7734 /* Domain */ = {
			isa = PBXGroup;
			children = (
				6CC9F0732C76D174009A7734 /* Repositories */,
				6C96C60A2C47DD8600569E37 /* Entities */,
				6CC9F0752C76D196009A7734 /* UseCases */,
			);
			path = Domain;
			sourceTree = "<group>";
		};
		6CC9F0752C76D196009A7734 /* UseCases */ = {
			isa = PBXGroup;
			children = (
				6CC9F07F2C76D207009A7734 /* SearchHistoryUseCases.swift */,
				6CEDA62F2C7EBF5900F12F77 /* ArticleUseCases.swift */,
			);
			path = UseCases;
			sourceTree = "<group>";
		};
		6CC9F0762C76D1B0009A7734 /* Config */ = {
			isa = PBXGroup;
			children = (
				6C96C5E82C47AC4100569E37 /* SpaceFlightNewsApp.swift */,
			);
			path = Config;
			sourceTree = "<group>";
		};
		6CC9F0772C76D1B8009A7734 /* Resources */ = {
			isa = PBXGroup;
			children = (
				6C96C5EC2C47AC4200569E37 /* Assets.xcassets */,
			);
			path = Resources;
			sourceTree = "<group>";
		};
		6CDBDFE12C48152E00B22900 /* Models */ = {
			isa = PBXGroup;
			children = (
				6CC9F0782C76D1DD009A7734 /* PersistentStorage.xcdatamodeld */,
				6C96C5FE2C47BDD100569E37 /* NewsSitesWrapper.swift */,
				6CEDA62B2C7EBB9300F12F77 /* ArticlesWrapper.swift */,
			);
			path = Models;
			sourceTree = "<group>";
		};
		6CF23F252C48CE4C00B53190 /* SearchHistory */ = {
			isa = PBXGroup;
			children = (
				6CF23F272C48CE5800B53190 /* Views */,
				6CF23F262C48CE5200B53190 /* ViewModels */,
			);
			path = SearchHistory;
			sourceTree = "<group>";
		};
		6CF23F262C48CE5200B53190 /* ViewModels */ = {
			isa = PBXGroup;
			children = (
				6CF23F282C48CE6400B53190 /* SearchHistoryViewModel.swift */,
			);
			path = ViewModels;
			sourceTree = "<group>";
		};
		6CF23F272C48CE5800B53190 /* Views */ = {
			isa = PBXGroup;
			children = (
				6CF3C3A92C482FAC0046082A /* SearchHistoryView.swift */,
			);
			path = Views;
			sourceTree = "<group>";
		};
		6CFD94E32C4DF76700A30349 /* SpaceFlightNewsTest */ = {
			isa = PBXGroup;
			children = (
				6C360B532C6DE4AE001F429C /* Mock */,
				6C3162DE2C4CEAE300FA8E98 /* ArticleBuilder.swift */,
				6C3162D52C4CE3DE00FA8E98 /* ArticleListViewModelTests.swift */,
				6C3162D92C4CE6DB00FA8E98 /* DetailViewModelTests.swift */,
				6C360B4B2C6DDABB001F429C /* NetworkServiceTests.swift */,
			);
			path = SpaceFlightNewsTest;
			sourceTree = "<group>";
		};
/* End PBXGroup section */

/* Begin PBXNativeTarget section */
		6C96C5E42C47AC4100569E37 /* SpaceFlightNews */ = {
			isa = PBXNativeTarget;
			buildConfigurationList = 6C96C5F32C47AC4200569E37 /* Build configuration list for PBXNativeTarget "SpaceFlightNews" */;
			buildPhases = (
				6C96C5E12C47AC4100569E37 /* Sources */,
				6C96C5E22C47AC4100569E37 /* Frameworks */,
				6C96C5E32C47AC4100569E37 /* Resources */,
			);
			buildRules = (
			);
			dependencies = (
			);
			name = SpaceFlightNews;
			productName = SpaceFlightNews;
			productReference = 6C96C5E52C47AC4100569E37 /* SpaceFlightNews.app */;
			productType = "com.apple.product-type.application";
		};
		6CFD94E12C4DF76700A30349 /* SpaceFlightNewsTest */ = {
			isa = PBXNativeTarget;
			buildConfigurationList = 6CFD94E82C4DF76700A30349 /* Build configuration list for PBXNativeTarget "SpaceFlightNewsTest" */;
			buildPhases = (
				6CFD94DE2C4DF76700A30349 /* Sources */,
				6CFD94DF2C4DF76700A30349 /* Frameworks */,
				6CFD94E02C4DF76700A30349 /* Resources */,
			);
			buildRules = (
			);
			dependencies = (
				6CFD94E72C4DF76700A30349 /* PBXTargetDependency */,
			);
			name = SpaceFlightNewsTest;
			productName = SpaceFlightNewsTest;
			productReference = 6CFD94E22C4DF76700A30349 /* SpaceFlightNewsTest.xctest */;
			productType = "com.apple.product-type.bundle.unit-test";
		};
/* End PBXNativeTarget section */

/* Begin PBXProject section */
		6C96C5DD2C47AC4100569E37 /* Project object */ = {
			isa = PBXProject;
			attributes = {
				BuildIndependentTargetsInParallel = 1;
				LastSwiftUpdateCheck = 1540;
				LastUpgradeCheck = 1540;
				TargetAttributes = {
					6C96C5E42C47AC4100569E37 = {
						CreatedOnToolsVersion = 15.4;
					};
					6CFD94E12C4DF76700A30349 = {
						CreatedOnToolsVersion = 15.4;
						TestTargetID = 6C96C5E42C47AC4100569E37;
					};
				};
			};
			buildConfigurationList = 6C96C5E02C47AC4100569E37 /* Build configuration list for PBXProject "SpaceFlightNews" */;
			compatibilityVersion = "Xcode 14.0";
			developmentRegion = en;
			hasScannedForEncodings = 0;
			knownRegions = (
				en,
				Base,
			);
			mainGroup = 6C96C5DC2C47AC4100569E37;
			productRefGroup = 6C96C5E62C47AC4100569E37 /* Products */;
			projectDirPath = "";
			projectRoot = "";
			targets = (
				6C96C5E42C47AC4100569E37 /* SpaceFlightNews */,
				6CFD94E12C4DF76700A30349 /* SpaceFlightNewsTest */,
			);
		};
/* End PBXProject section */

/* Begin PBXResourcesBuildPhase section */
		6C96C5E32C47AC4100569E37 /* Resources */ = {
			isa = PBXResourcesBuildPhase;
			buildActionMask = 2147483647;
			files = (
				6C96C5F02C47AC4200569E37 /* Preview Assets.xcassets in Resources */,
				6C96C5ED2C47AC4200569E37 /* Assets.xcassets in Resources */,
			);
			runOnlyForDeploymentPostprocessing = 0;
		};
		6CFD94E02C4DF76700A30349 /* Resources */ = {
			isa = PBXResourcesBuildPhase;
			buildActionMask = 2147483647;
			files = (
			);
			runOnlyForDeploymentPostprocessing = 0;
		};
/* End PBXResourcesBuildPhase section */

/* Begin PBXSourcesBuildPhase section */
		6C96C5E12C47AC4100569E37 /* Sources */ = {
			isa = PBXSourcesBuildPhase;
			buildActionMask = 2147483647;
			files = (
				6CC9F0802C76D207009A7734 /* SearchHistoryUseCases.swift in Sources */,
				6CEDA62E2C7EBE0C00F12F77 /* ArticleRepository.swift in Sources */,
				6CC9F0822C76D228009A7734 /* SearchHistory.swift in Sources */,
				6C52BEC82C6C4DC6002D97BB /* NetworkService.swift in Sources */,
				6C96C5F92C47B62600569E37 /* NetworkManager.swift in Sources */,
				6C96C5FB2C47B78B00569E37 /* Article.swift in Sources */,
				6CEDA6302C7EBF5900F12F77 /* ArticleUseCases.swift in Sources */,
				6C96C5F72C47ACA200569E37 /* NewsView.swift in Sources */,
				6C96C6032C47CDCD00569E37 /* Date+Ext.swift in Sources */,
				6CF3C3AA2C482FAC0046082A /* SearchHistoryView.swift in Sources */,
				6C96C60E2C47DF7600569E37 /* ArticleListViewModel.swift in Sources */,
				6CC9F07E2C76D1FD009A7734 /* SearchHistoryRepository.swift in Sources */,
				6CF23F292C48CE6400B53190 /* SearchHistoryViewModel.swift in Sources */,
				6C96C6012C47CB8700569E37 /* DetailView.swift in Sources */,
				6CEDA62C2C7EBB9300F12F77 /* ArticlesWrapper.swift in Sources */,
				6C3162D82C4CE4A400FA8E98 /* DetailViewModel.swift in Sources */,
				6C96C5EB2C47AC4100569E37 /* ArticleListView.swift in Sources */,
				6CC9F07A2C76D1DD009A7734 /* PersistentStorage.xcdatamodeld in Sources */,
				6C96C5E92C47AC4100569E37 /* SpaceFlightNewsApp.swift in Sources */,
				6CC9F07C2C76D1EE009A7734 /* IndexSet+Ext.swift in Sources */,
				6CDBDFE02C48103500B22900 /* CoreDataManager.swift in Sources */,
				6C96C5FF2C47BDD100569E37 /* NewsSitesWrapper.swift in Sources */,
			);
			runOnlyForDeploymentPostprocessing = 0;
		};
		6CFD94DE2C4DF76700A30349 /* Sources */ = {
			isa = PBXSourcesBuildPhase;
			buildActionMask = 2147483647;
			files = (
				6CFD94EB2C4DF76E00A30349 /* DetailViewModelTests.swift in Sources */,
				6CFD94EC2C4DF76E00A30349 /* ArticleListViewModelTests.swift in Sources */,
				6C360B462C6DD0B3001F429C /* MockNetworkManager.swift in Sources */,
				6CFD94ED2C4DF89900A30349 /* ArticleBuilder.swift in Sources */,
				6C360B502C6DDF2F001F429C /* MockCoreDataManager.swift in Sources */,
				6C360B4C2C6DDABB001F429C /* NetworkServiceTests.swift in Sources */,
			);
			runOnlyForDeploymentPostprocessing = 0;
		};
/* End PBXSourcesBuildPhase section */

/* Begin PBXTargetDependency section */
		6CFD94E72C4DF76700A30349 /* PBXTargetDependency */ = {
			isa = PBXTargetDependency;
			target = 6C96C5E42C47AC4100569E37 /* SpaceFlightNews */;
			targetProxy = 6CFD94E62C4DF76700A30349 /* PBXContainerItemProxy */;
		};
/* End PBXTargetDependency section */

/* Begin XCBuildConfiguration section */
		6C96C5F12C47AC4200569E37 /* Debug */ = {
			isa = XCBuildConfiguration;
			buildSettings = {
				ALWAYS_SEARCH_USER_PATHS = NO;
				ASSETCATALOG_COMPILER_GENERATE_SWIFT_ASSET_SYMBOL_EXTENSIONS = YES;
				CLANG_ANALYZER_NONNULL = YES;
				CLANG_ANALYZER_NUMBER_OBJECT_CONVERSION = YES_AGGRESSIVE;
				CLANG_CXX_LANGUAGE_STANDARD = "gnu++20";
				CLANG_ENABLE_MODULES = YES;
				CLANG_ENABLE_OBJC_ARC = YES;
				CLANG_ENABLE_OBJC_WEAK = YES;
				CLANG_WARN_BLOCK_CAPTURE_AUTORELEASING = YES;
				CLANG_WARN_BOOL_CONVERSION = YES;
				CLANG_WARN_COMMA = YES;
				CLANG_WARN_CONSTANT_CONVERSION = YES;
				CLANG_WARN_DEPRECATED_OBJC_IMPLEMENTATIONS = YES;
				CLANG_WARN_DIRECT_OBJC_ISA_USAGE = YES_ERROR;
				CLANG_WARN_DOCUMENTATION_COMMENTS = YES;
				CLANG_WARN_EMPTY_BODY = YES;
				CLANG_WARN_ENUM_CONVERSION = YES;
				CLANG_WARN_INFINITE_RECURSION = YES;
				CLANG_WARN_INT_CONVERSION = YES;
				CLANG_WARN_NON_LITERAL_NULL_CONVERSION = YES;
				CLANG_WARN_OBJC_IMPLICIT_RETAIN_SELF = YES;
				CLANG_WARN_OBJC_LITERAL_CONVERSION = YES;
				CLANG_WARN_OBJC_ROOT_CLASS = YES_ERROR;
				CLANG_WARN_QUOTED_INCLUDE_IN_FRAMEWORK_HEADER = YES;
				CLANG_WARN_RANGE_LOOP_ANALYSIS = YES;
				CLANG_WARN_STRICT_PROTOTYPES = YES;
				CLANG_WARN_SUSPICIOUS_MOVE = YES;
				CLANG_WARN_UNGUARDED_AVAILABILITY = YES_AGGRESSIVE;
				CLANG_WARN_UNREACHABLE_CODE = YES;
				CLANG_WARN__DUPLICATE_METHOD_MATCH = YES;
				COPY_PHASE_STRIP = NO;
				DEBUG_INFORMATION_FORMAT = dwarf;
				ENABLE_STRICT_OBJC_MSGSEND = YES;
				ENABLE_TESTABILITY = YES;
				ENABLE_USER_SCRIPT_SANDBOXING = YES;
				GCC_C_LANGUAGE_STANDARD = gnu17;
				GCC_DYNAMIC_NO_PIC = NO;
				GCC_NO_COMMON_BLOCKS = YES;
				GCC_OPTIMIZATION_LEVEL = 0;
				GCC_PREPROCESSOR_DEFINITIONS = (
					"DEBUG=1",
					"$(inherited)",
				);
				GCC_WARN_64_TO_32_BIT_CONVERSION = YES;
				GCC_WARN_ABOUT_RETURN_TYPE = YES_ERROR;
				GCC_WARN_UNDECLARED_SELECTOR = YES;
				GCC_WARN_UNINITIALIZED_AUTOS = YES_AGGRESSIVE;
				GCC_WARN_UNUSED_FUNCTION = YES;
				GCC_WARN_UNUSED_VARIABLE = YES;
				IPHONEOS_DEPLOYMENT_TARGET = 17.5;
				LOCALIZATION_PREFERS_STRING_CATALOGS = YES;
				MTL_ENABLE_DEBUG_INFO = INCLUDE_SOURCE;
				MTL_FAST_MATH = YES;
				ONLY_ACTIVE_ARCH = YES;
				SDKROOT = iphoneos;
				SWIFT_ACTIVE_COMPILATION_CONDITIONS = "DEBUG $(inherited)";
				SWIFT_OPTIMIZATION_LEVEL = "-Onone";
			};
			name = Debug;
		};
		6C96C5F22C47AC4200569E37 /* Release */ = {
			isa = XCBuildConfiguration;
			buildSettings = {
				ALWAYS_SEARCH_USER_PATHS = NO;
				ASSETCATALOG_COMPILER_GENERATE_SWIFT_ASSET_SYMBOL_EXTENSIONS = YES;
				CLANG_ANALYZER_NONNULL = YES;
				CLANG_ANALYZER_NUMBER_OBJECT_CONVERSION = YES_AGGRESSIVE;
				CLANG_CXX_LANGUAGE_STANDARD = "gnu++20";
				CLANG_ENABLE_MODULES = YES;
				CLANG_ENABLE_OBJC_ARC = YES;
				CLANG_ENABLE_OBJC_WEAK = YES;
				CLANG_WARN_BLOCK_CAPTURE_AUTORELEASING = YES;
				CLANG_WARN_BOOL_CONVERSION = YES;
				CLANG_WARN_COMMA = YES;
				CLANG_WARN_CONSTANT_CONVERSION = YES;
				CLANG_WARN_DEPRECATED_OBJC_IMPLEMENTATIONS = YES;
				CLANG_WARN_DIRECT_OBJC_ISA_USAGE = YES_ERROR;
				CLANG_WARN_DOCUMENTATION_COMMENTS = YES;
				CLANG_WARN_EMPTY_BODY = YES;
				CLANG_WARN_ENUM_CONVERSION = YES;
				CLANG_WARN_INFINITE_RECURSION = YES;
				CLANG_WARN_INT_CONVERSION = YES;
				CLANG_WARN_NON_LITERAL_NULL_CONVERSION = YES;
				CLANG_WARN_OBJC_IMPLICIT_RETAIN_SELF = YES;
				CLANG_WARN_OBJC_LITERAL_CONVERSION = YES;
				CLANG_WARN_OBJC_ROOT_CLASS = YES_ERROR;
				CLANG_WARN_QUOTED_INCLUDE_IN_FRAMEWORK_HEADER = YES;
				CLANG_WARN_RANGE_LOOP_ANALYSIS = YES;
				CLANG_WARN_STRICT_PROTOTYPES = YES;
				CLANG_WARN_SUSPICIOUS_MOVE = YES;
				CLANG_WARN_UNGUARDED_AVAILABILITY = YES_AGGRESSIVE;
				CLANG_WARN_UNREACHABLE_CODE = YES;
				CLANG_WARN__DUPLICATE_METHOD_MATCH = YES;
				COPY_PHASE_STRIP = NO;
				DEBUG_INFORMATION_FORMAT = "dwarf-with-dsym";
				ENABLE_NS_ASSERTIONS = NO;
				ENABLE_STRICT_OBJC_MSGSEND = YES;
				ENABLE_USER_SCRIPT_SANDBOXING = YES;
				GCC_C_LANGUAGE_STANDARD = gnu17;
				GCC_NO_COMMON_BLOCKS = YES;
				GCC_WARN_64_TO_32_BIT_CONVERSION = YES;
				GCC_WARN_ABOUT_RETURN_TYPE = YES_ERROR;
				GCC_WARN_UNDECLARED_SELECTOR = YES;
				GCC_WARN_UNINITIALIZED_AUTOS = YES_AGGRESSIVE;
				GCC_WARN_UNUSED_FUNCTION = YES;
				GCC_WARN_UNUSED_VARIABLE = YES;
				IPHONEOS_DEPLOYMENT_TARGET = 17.5;
				LOCALIZATION_PREFERS_STRING_CATALOGS = YES;
				MTL_ENABLE_DEBUG_INFO = NO;
				MTL_FAST_MATH = YES;
				SDKROOT = iphoneos;
				SWIFT_COMPILATION_MODE = wholemodule;
				VALIDATE_PRODUCT = YES;
			};
			name = Release;
		};
		6C96C5F42C47AC4200569E37 /* Debug */ = {
			isa = XCBuildConfiguration;
			buildSettings = {
				ASSETCATALOG_COMPILER_APPICON_NAME = AppIcon;
				ASSETCATALOG_COMPILER_GLOBAL_ACCENT_COLOR_NAME = AccentColor;
				CODE_SIGN_STYLE = Automatic;
				CURRENT_PROJECT_VERSION = 1;
				DEVELOPMENT_ASSET_PATHS = "\"SpaceFlightNews/Preview Content\"";
				DEVELOPMENT_TEAM = 5V99WU443D;
				ENABLE_PREVIEWS = YES;
				GENERATE_INFOPLIST_FILE = YES;
				INFOPLIST_FILE = SpaceFlightNews/Info.plist;
				INFOPLIST_KEY_UIApplicationSceneManifest_Generation = YES;
				INFOPLIST_KEY_UIApplicationSupportsIndirectInputEvents = YES;
				INFOPLIST_KEY_UILaunchScreen_Generation = YES;
				INFOPLIST_KEY_UISupportedInterfaceOrientations_iPad = "UIInterfaceOrientationPortrait UIInterfaceOrientationPortraitUpsideDown UIInterfaceOrientationLandscapeLeft UIInterfaceOrientationLandscapeRight";
				INFOPLIST_KEY_UISupportedInterfaceOrientations_iPhone = "UIInterfaceOrientationPortrait UIInterfaceOrientationLandscapeLeft UIInterfaceOrientationLandscapeRight";
				LD_RUNPATH_SEARCH_PATHS = (
					"$(inherited)",
					"@executable_path/Frameworks",
				);
				MARKETING_VERSION = 1.0;
				PRODUCT_BUNDLE_IDENTIFIER = JeremyRaymond.Projects.SpaceFlightNews;
				PRODUCT_NAME = "$(TARGET_NAME)";
				SWIFT_EMIT_LOC_STRINGS = YES;
				SWIFT_VERSION = 5.0;
				TARGETED_DEVICE_FAMILY = "1,2";
			};
			name = Debug;
		};
		6C96C5F52C47AC4200569E37 /* Release */ = {
			isa = XCBuildConfiguration;
			buildSettings = {
				ASSETCATALOG_COMPILER_APPICON_NAME = AppIcon;
				ASSETCATALOG_COMPILER_GLOBAL_ACCENT_COLOR_NAME = AccentColor;
				CODE_SIGN_STYLE = Automatic;
				CURRENT_PROJECT_VERSION = 1;
				DEVELOPMENT_ASSET_PATHS = "\"SpaceFlightNews/Preview Content\"";
				DEVELOPMENT_TEAM = 5V99WU443D;
				ENABLE_PREVIEWS = YES;
				GENERATE_INFOPLIST_FILE = YES;
				INFOPLIST_FILE = SpaceFlightNews/Info.plist;
				INFOPLIST_KEY_UIApplicationSceneManifest_Generation = YES;
				INFOPLIST_KEY_UIApplicationSupportsIndirectInputEvents = YES;
				INFOPLIST_KEY_UILaunchScreen_Generation = YES;
				INFOPLIST_KEY_UISupportedInterfaceOrientations_iPad = "UIInterfaceOrientationPortrait UIInterfaceOrientationPortraitUpsideDown UIInterfaceOrientationLandscapeLeft UIInterfaceOrientationLandscapeRight";
				INFOPLIST_KEY_UISupportedInterfaceOrientations_iPhone = "UIInterfaceOrientationPortrait UIInterfaceOrientationLandscapeLeft UIInterfaceOrientationLandscapeRight";
				LD_RUNPATH_SEARCH_PATHS = (
					"$(inherited)",
					"@executable_path/Frameworks",
				);
				MARKETING_VERSION = 1.0;
				PRODUCT_BUNDLE_IDENTIFIER = JeremyRaymond.Projects.SpaceFlightNews;
				PRODUCT_NAME = "$(TARGET_NAME)";
				SWIFT_EMIT_LOC_STRINGS = YES;
				SWIFT_VERSION = 5.0;
				TARGETED_DEVICE_FAMILY = "1,2";
			};
			name = Release;
		};
		6CFD94E92C4DF76700A30349 /* Debug */ = {
			isa = XCBuildConfiguration;
			buildSettings = {
				BUNDLE_LOADER = "$(TEST_HOST)";
				CODE_SIGN_STYLE = Automatic;
				CURRENT_PROJECT_VERSION = 1;
				DEVELOPMENT_TEAM = 5V99WU443D;
				GENERATE_INFOPLIST_FILE = YES;
				MARKETING_VERSION = 1.0;
				PRODUCT_BUNDLE_IDENTIFIER = JeremyRaymond.Projects.SpaceFlightNewsTest;
				PRODUCT_NAME = "$(TARGET_NAME)";
				SWIFT_EMIT_LOC_STRINGS = NO;
				SWIFT_VERSION = 5.0;
				TARGETED_DEVICE_FAMILY = "1,2";
				TEST_HOST = "$(BUILT_PRODUCTS_DIR)/SpaceFlightNews.app/$(BUNDLE_EXECUTABLE_FOLDER_PATH)/SpaceFlightNews";
			};
			name = Debug;
		};
		6CFD94EA2C4DF76700A30349 /* Release */ = {
			isa = XCBuildConfiguration;
			buildSettings = {
				BUNDLE_LOADER = "$(TEST_HOST)";
				CODE_SIGN_STYLE = Automatic;
				CURRENT_PROJECT_VERSION = 1;
				DEVELOPMENT_TEAM = 5V99WU443D;
				GENERATE_INFOPLIST_FILE = YES;
				MARKETING_VERSION = 1.0;
				PRODUCT_BUNDLE_IDENTIFIER = JeremyRaymond.Projects.SpaceFlightNewsTest;
				PRODUCT_NAME = "$(TARGET_NAME)";
				SWIFT_EMIT_LOC_STRINGS = NO;
				SWIFT_VERSION = 5.0;
				TARGETED_DEVICE_FAMILY = "1,2";
				TEST_HOST = "$(BUILT_PRODUCTS_DIR)/SpaceFlightNews.app/$(BUNDLE_EXECUTABLE_FOLDER_PATH)/SpaceFlightNews";
			};
			name = Release;
		};
/* End XCBuildConfiguration section */

/* Begin XCConfigurationList section */
		6C96C5E02C47AC4100569E37 /* Build configuration list for PBXProject "SpaceFlightNews" */ = {
			isa = XCConfigurationList;
			buildConfigurations = (
				6C96C5F12C47AC4200569E37 /* Debug */,
				6C96C5F22C47AC4200569E37 /* Release */,
			);
			defaultConfigurationIsVisible = 0;
			defaultConfigurationName = Release;
		};
		6C96C5F32C47AC4200569E37 /* Build configuration list for PBXNativeTarget "SpaceFlightNews" */ = {
			isa = XCConfigurationList;
			buildConfigurations = (
				6C96C5F42C47AC4200569E37 /* Debug */,
				6C96C5F52C47AC4200569E37 /* Release */,
			);
			defaultConfigurationIsVisible = 0;
			defaultConfigurationName = Release;
		};
		6CFD94E82C4DF76700A30349 /* Build configuration list for PBXNativeTarget "SpaceFlightNewsTest" */ = {
			isa = XCConfigurationList;
			buildConfigurations = (
				6CFD94E92C4DF76700A30349 /* Debug */,
				6CFD94EA2C4DF76700A30349 /* Release */,
			);
			defaultConfigurationIsVisible = 0;
			defaultConfigurationName = Release;
		};
/* End XCConfigurationList section */

/* Begin XCVersionGroup section */
		6CC9F0782C76D1DD009A7734 /* PersistentStorage.xcdatamodeld */ = {
			isa = XCVersionGroup;
			children = (
				6CC9F0792C76D1DD009A7734 /* PersistentStorage.xcdatamodel */,
			);
			currentVersion = 6CC9F0792C76D1DD009A7734 /* PersistentStorage.xcdatamodel */;
			name = PersistentStorage.xcdatamodeld;
			path = "/Users/jeremyraymond/Documents/Developer/IOS/IOSProjects/SpaceFlightNews copy/SpaceFlightNews/Features/Data/Models/PersistentStorage.xcdatamodeld";
			sourceTree = "<group>";
			versionGroupType = wrapper.xcdatamodel;
		};
/* End XCVersionGroup section */
	};
	rootObject = 6C96C5DD2C47AC4100569E37 /* Project object */;
}
